
Microsoft Visual Studio Solution File, Format Version 12.00
# Visual Studio Version 17
VisualStudioVersion = 17.5.33516.290
MinimumVisualStudioVersion = 10.0.40219.1
Project("{9A19103F-16F7-4668-BE54-9A1E7A4F7556}") = "TODO", "TODO.csproj", "{01B99241-0881-4692-BD61-15FC86979FE3}"
EndProject
Global
	GlobalSection(SolutionConfigurationPlatforms) = preSolution
		Debug|Any CPU = Debug|Any CPU
		Release|Any CPU = Release|Any CPU
	EndGlobalSection
	GlobalSection(ProjectConfigurationPlatforms) = postSolution
		{01B99241-0881-4692-BD61-15FC86979FE3}.Debug|Any CPU.ActiveCfg = Debug|Any CPU
		{01B99241-0881-4692-BD61-15FC86979FE3}.Debug|Any CPU.Build.0 = Debug|Any CPU
		{01B99241-0881-4692-BD61-15FC86979FE3}.Release|Any CPU.ActiveCfg = Release|Any CPU
		{01B99241-0881-4692-BD61-15FC86979FE3}.Release|Any CPU.Build.0 = Release|Any CPU
	EndGlobalSection
	GlobalSection(SolutionProperties) = preSolution
		HideSolutionNode = FALSE
	EndGlobalSection
	GlobalSection(ExtensibilityGlobals) = postSolution
		SolutionGuid = {E00BE0D8-527C-4D9E-9655-28CE6F7A8E46}
	EndGlobalSection
EndGlobal
